Microsoft Visual Studio Solution File, Format Version 12.00
# Visual Studio Version 17
VisualStudioVersion = 17.0.31903.59
MinimumVisualStudioVersion = 10.0.40219.1
Project("{F184B08F-C81C-45F6-A57F-5ABD9991F28F}") = "OrphansManagementSystem", "OrphansManagementSystem.vbproj", "{7A8E8C7B-93A3-4E74-A123-0D854F821EAF}"
EndProject
Global
	GlobalSection(SolutionConfigurationPlatforms) = preSolution
		Debug|Any CPU = Debug|Any CPU
		Release|Any CPU = Release|Any CPU
	EndGlobalSection
	GlobalSection(ProjectConfigurationPlatforms) = postSolution
		{7A8E8C7B-93A3-4E74-A123-0D854F821EAF}.Debug|Any CPU.ActiveCfg = Debug|Any CPU
		{7A8E8C7B-93A3-4E74-A123-0D854F821EAF}.Debug|Any CPU.Build.0 = Debug|Any CPU
		{7A8E8C7B-93A3-4E74-A123-0D854F821EAF}.Release|Any CPU.ActiveCfg = Release|Any CPU
		{7A8E8C7B-93A3-4E74-A123-0D854F821EAF}.Release|Any CPU.Build.0 = Release|Any CPU
	EndGlobalSection
EndGlobal
